
Microsoft Visual Studio Solution File, Format Version 12.00
# Visual Studio Version 17
VisualStudioVersion = 17.5.33516.290
MinimumVisualStudioVersion = 10.0.40219.1
Project("{9A19103F-16F7-4668-BE54-9A1E7A4F7556}") = "microservices-dashboard-api", "microservices-dashboard-api.csproj", "{6B8EBE29-82FF-4D6A-8031-46816C8A32FA}"
EndProject
Project("{FAE04EC0-301F-11D3-BF4B-00C04F79EFBC}") = "MonitoredAplication", "..\MonitoredAplication\MonitoredAplication.csproj", "{16A9DB42-65AA-4BBB-8305-D4B266C87514}"
EndProject
Global
	GlobalSection(SolutionConfigurationPlatforms) = preSolution
		Debug|Any CPU = Debug|Any CPU
		Release|Any CPU = Release|Any CPU
	EndGlobalSection
	GlobalSection(ProjectConfigurationPlatforms) = postSolution
		{6B8EBE29-82FF-4D6A-8031-46816C8A32FA}.Debug|Any CPU.ActiveCfg = Debug|Any CPU
		{6B8EBE29-82FF-4D6A-8031-46816C8A32FA}.Debug|Any CPU.Build.0 = Debug|Any CPU
		{6B8EBE29-82FF-4D6A-8031-46816C8A32FA}.Release|Any CPU.ActiveCfg = Release|Any CPU
		{6B8EBE29-82FF-4D6A-8031-46816C8A32FA}.Release|Any CPU.Build.0 = Release|Any CPU
		{16A9DB42-65AA-4BBB-8305-D4B266C87514}.Debug|Any CPU.ActiveCfg = Debug|Any CPU
		{16A9DB42-65AA-4BBB-8305-D4B266C87514}.Debug|Any CPU.Build.0 = Debug|Any CPU
		{16A9DB42-65AA-4BBB-8305-D4B266C87514}.Release|Any CPU.ActiveCfg = Release|Any CPU
		{16A9DB42-65AA-4BBB-8305-D4B266C87514}.Release|Any CPU.Build.0 = Release|Any CPU
	EndGlobalSection
	GlobalSection(SolutionProperties) = preSolution
		HideSolutionNode = FALSE
	EndGlobalSection
	GlobalSection(ExtensibilityGlobals) = postSolution
		SolutionGuid = {53F62B97-50C9-4089-805A-4F25207E68CE}
	EndGlobalSection
EndGlobal
